
Microsoft Visual Studio Solution File, Format Version 12.00
# Visual Studio Version 17
VisualStudioVersion = 17.13.35825.156 d17.13
MinimumVisualStudioVersion = 10.0.40219.1
Project("{FAE04EC0-301F-11D3-BF4B-00C04F79EFBC}") = "Event4U", "Event4U.csproj", "{ACA114E3-1A1A-4261-B654-D3558F974A44}"
EndProject
Global
	GlobalSection(SolutionConfigurationPlatforms) = preSolution
		Debug|Any CPU = Debug|Any CPU
		Release|Any CPU = Release|Any CPU
	EndGlobalSection
	GlobalSection(ProjectConfigurationPlatforms) = postSolution
		{ACA114E3-1A1A-4261-B654-D3558F974A44}.Debug|Any CPU.ActiveCfg = Debug|Any CPU
		{ACA114E3-1A1A-4261-B654-D3558F974A44}.Debug|Any CPU.Build.0 = Debug|Any CPU
		{ACA114E3-1A1A-4261-B654-D3558F974A44}.Release|Any CPU.ActiveCfg = Release|Any CPU
		{ACA114E3-1A1A-4261-B654-D3558F974A44}.Release|Any CPU.Build.0 = Release|Any CPU
	EndGlobalSection
	GlobalSection(SolutionProperties) = preSolution
		HideSolutionNode = FALSE
	EndGlobalSection
	GlobalSection(ExtensibilityGlobals) = postSolution
		SolutionGuid = {3EEF8F9D-B809-4DF9-9DED-51AB6D8EFC5E}
	EndGlobalSection
EndGlobal
